{
  "name": "game-types",
  "version": "1.0.0",
  "lockfileVersion": 2,
  "requires": true,
  "packages": {
    "": {
      "name": "game-types",
      "version": "1.0.0",
      "license": "ISC",
      "dependencies": {
        "@colyseus/schema": "^1.0.39"
      }
    },
    "node_modules/@colyseus/schema": {
      "version": "1.0.39",
      "resolved": "https://registry.npmjs.org/@colyseus/schema/-/schema-1.0.39.tgz",
      "integrity": "sha512-um3qDiwbrzBYE0xnt6MadPT85Zu8MJKOpS0ThLluqCmjUcmIdQOeUY5AAZNGHE/Di4R88XpEflzBDtXS+O4XuA==",
      "bin": {
        "schema-codegen": "bin/schema-codegen"
      }
    }
  },
  "dependencies": {
    "@colyseus/schema": {
      "version": "1.0.39",
      "resolved": "https://registry.npmjs.org/@colyseus/schema/-/schema-1.0.39.tgz",
      "integrity": "sha512-um3qDiwbrzBYE0xnt6MadPT85Zu8MJKOpS0ThLluqCmjUcmIdQOeUY5AAZNGHE/Di4R88XpEflzBDtXS+O4XuA=="
    }
  }
}
